
Microsoft Visual Studio Solution File, Format Version 12.00
# Visual Studio Version 17
VisualStudioVersion = 17.6.33829.357
MinimumVisualStudioVersion = 10.0.40219.1
Project("{9A19103F-16F7-4668-BE54-9A1E7A4F7556}") = "Blazor-Voting-Valid", "Blazor-Voting-Valid.csproj", "{C3B6A38F-94EA-4432-88AF-0A03D7CBB2CF}"
EndProject
Global
	GlobalSection(SolutionConfigurationPlatforms) = preSolution
		Debug|Any CPU = Debug|Any CPU
		Release|Any CPU = Release|Any CPU
	EndGlobalSection
	GlobalSection(ProjectConfigurationPlatforms) = postSolution
		{C3B6A38F-94EA-4432-88AF-0A03D7CBB2CF}.Debug|Any CPU.ActiveCfg = Debug|Any CPU
		{C3B6A38F-94EA-4432-88AF-0A03D7CBB2CF}.Debug|Any CPU.Build.0 = Debug|Any CPU
		{C3B6A38F-94EA-4432-88AF-0A03D7CBB2CF}.Release|Any CPU.ActiveCfg = Release|Any CPU
		{C3B6A38F-94EA-4432-88AF-0A03D7CBB2CF}.Release|Any CPU.Build.0 = Release|Any CPU
	EndGlobalSection
	GlobalSection(SolutionProperties) = preSolution
		HideSolutionNode = FALSE
	EndGlobalSection
	GlobalSection(ExtensibilityGlobals) = postSolution
		SolutionGuid = {B507E3C0-A09B-4FFB-9B00-44724E754C01}
	EndGlobalSection
EndGlobal
